
Microsoft Visual Studio Solution File, Format Version 12.00
# Visual Studio Version 17
VisualStudioVersion = 17.5.33516.290
MinimumVisualStudioVersion = 10.0.40219.1
Project("{FAE04EC0-301F-11D3-BF4B-00C04F79EFBC}") = "Verra.Test.Misc", "Verra.Test.Misc\Verra.Test.Misc.csproj", "{72B7C06C-AA8E-46A0-AFC8-E9FAFF8844EE}"
EndProject
Global
	GlobalSection(SolutionConfigurationPlatforms) = preSolution
		Debug|Any CPU = Debug|Any CPU
		Release|Any CPU = Release|Any CPU
	EndGlobalSection
	GlobalSection(ProjectConfigurationPlatforms) = postSolution
		{72B7C06C-AA8E-46A0-AFC8-E9FAFF8844EE}.Debug|Any CPU.ActiveCfg = Debug|Any CPU
		{72B7C06C-AA8E-46A0-AFC8-E9FAFF8844EE}.Debug|Any CPU.Build.0 = Debug|Any CPU
		{72B7C06C-AA8E-46A0-AFC8-E9FAFF8844EE}.Release|Any CPU.ActiveCfg = Release|Any CPU
		{72B7C06C-AA8E-46A0-AFC8-E9FAFF8844EE}.Release|Any CPU.Build.0 = Release|Any CPU
	EndGlobalSection
	GlobalSection(SolutionProperties) = preSolution
		HideSolutionNode = FALSE
	EndGlobalSection
	GlobalSection(ExtensibilityGlobals) = postSolution
		SolutionGuid = {EC891E5E-D0BB-4FCD-B145-3C3328826C35}
	EndGlobalSection
EndGlobal
